
Microsoft Visual Studio Solution File, Format Version 12.00
# Visual Studio 2012
Project("{FAE04EC0-301F-11D3-BF4B-00C04F79EFBC}") = "ZenKeeper", "ZenKeeper\ZenKeeper.csproj", "{AC93A7A3-9757-42C2-9499-8D0B815C7027}"
EndProject
Global
	GlobalSection(SolutionConfigurationPlatforms) = preSolution
		Debug|Any CPU = Debug|Any CPU
		Release|Any CPU = Release|Any CPU
	EndGlobalSection
	GlobalSection(ProjectConfigurationPlatforms) = postSolution
		{AC93A7A3-9757-42C2-9499-8D0B815C7027}.Debug|Any CPU.ActiveCfg = Debug|Any CPU
		{AC93A7A3-9757-42C2-9499-8D0B815C7027}.Debug|Any CPU.Build.0 = Debug|Any CPU
		{AC93A7A3-9757-42C2-9499-8D0B815C7027}.Release|Any CPU.ActiveCfg = Release|Any CPU
		{AC93A7A3-9757-42C2-9499-8D0B815C7027}.Release|Any CPU.Build.0 = Release|Any CPU
	EndGlobalSection
	GlobalSection(SolutionProperties) = preSolution
		HideSolutionNode = FALSE
	EndGlobalSection
EndGlobal
